// !$*UTF8*$!
{
	archiveVersion = 1;
	classes = {
	};
	objectVersion = 50;
	objects = {

/* Begin PBXBuildFile section */
		49BD52D525A8A25100569A52 /* p1App.swift in Sources */ = {isa = PBXBuildFile; fileRef = 49BD52D425A8A25100569A52 /* p1App.swift */; };
		49BD52D725A8A25100569A52 /* ContentView.swift in Sources */ = {isa = PBXBuildFile; fileRef = 49BD52D625A8A25100569A52 /* ContentView.swift */; };
		49BD52D925A8A25400569A52 /* Assets.xcassets in Resources */ = {isa = PBXBuildFile; fileRef = 49BD52D825A8A25400569A52 /* Assets.xcassets */; };
		49BD52DC25A8A25400569A52 /* Preview Assets.xcassets in Resources */ = {isa = PBXBuildFile; fileRef = 49BD52DB25A8A25400569A52 /* Preview Assets.xcassets */; };
		49BD52DE25A8A25400569A52 /* Persistence.swift in Sources */ = {isa = PBXBuildFile; fileRef = 49BD52DD25A8A25400569A52 /* Persistence.swift */; };
		49BD52E125A8A25400569A52 /* p1.xcdatamodeld in Sources */ = {isa = PBXBuildFile; fileRef = 49BD52DF25A8A25400569A52 /* p1.xcdatamodeld */; };
/* End PBXBuildFile section */

/* Begin PBXFileReference section */
		49BD52D125A8A25100569A52 /* p1.app */ = {isa = PBXFileReference; explicitFileType = wrapper.application; includeInIndex = 0; path = p1.app; sourceTree = BUILT_PRODUCTS_DIR; };
		49BD52D425A8A25100569A52 /* p1App.swift */ = {isa = PBXFileReference; lastKnownFileType = sourcecode.swift; path = p1App.swift; sourceTree = "<group>"; };
		49BD52D625A8A25100569A52 /* ContentView.swift */ = {isa = PBXFileReference; lastKnownFileType = sourcecode.swift; path = ContentView.swift; sourceTree = "<group>"; };
		49BD52D825A8A25400569A52 /* Assets.xcassets */ = {isa = PBXFileReference; lastKnownFileType = folder.assetcatalog; path = Assets.xcassets; sourceTree = "<group>"; };
		49BD52DB25A8A25400569A52 /* Preview Assets.xcassets */ = {isa = PBXFileReference; lastKnownFileType = folder.assetcatalog; path = "Preview Assets.xcassets"; sourceTree = "<group>"; };
		49BD52DD25A8A25400569A52 /* Persistence.swift */ = {isa = PBXFileReference; lastKnownFileType = sourcecode.swift; path = Persistence.swift; sourceTree = "<group>"; };
		49BD52E025A8A25400569A52 /* p1.xcdatamodel */ = {isa = PBXFileReference; lastKnownFileType = wrapper.xcdatamodel; path = p1.xcdatamodel; sourceTree = "<group>"; };
		49BD52E225A8A25400569A52 /* Info.plist */ = {isa = PBXFileReference; lastKnownFileType = text.plist.xml; path = Info.plist; sourceTree = "<group>"; };
/* End PBXFileReference section */

/* Begin PBXFrameworksBuildPhase section */
		49BD52CE25A8A25100569A52 /* Frameworks */ = {
			isa = PBXFrameworksBuildPhase;
			buildActionMask = 2147483647;
			files = (
			);
			runOnlyForDeploymentPostprocessing = 0;
		};
/* End PBXFrameworksBuildPhase section */

/* Begin PBXGroup section */
		49BD52C825A8A25100569A52 = {
			isa = PBXGroup;
			children = (
				49BD52D325A8A25100569A52 /* p1 */,
				49BD52D225A8A25100569A52 /* Products */,
			);
			sourceTree = "<group>";
		};
		49BD52D225A8A25100569A52 /* Products */ = {
			isa = PBXGroup;
			children = (
				49BD52D125A8A25100569A52 /* p1.app */,
			);
			name = Products;
			sourceTree = "<group>";
		};
		49BD52D325A8A25100569A52 /* p1 */ = {
			isa = PBXGroup;
			children = (
				49BD52D425A8A25100569A52 /* p1App.swift */,
				49BD52D625A8A25100569A52 /* ContentView.swift */,
				49BD52D825A8A25400569A52 /* Assets.xcassets */,
				49BD52DD25A8A25400569A52 /* Persistence.swift */,
				49BD52E225A8A25400569A52 /* Info.plist */,
				49BD52DF25A8A25400569A52 /* p1.xcdatamodeld */,
				49BD52DA25A8A25400569A52 /* Preview Content */,
			);
			path = p1;
			sourceTree = "<group>";
		};
		49BD52DA25A8A25400569A52 /* Preview Content */ = {
			isa = PBXGroup;
			children = (
				49BD52DB25A8A25400569A52 /* Preview Assets.xcassets */,
			);
			path = "Preview Content";
			sourceTree = "<group>";
		};
/* End PBXGroup section */

/* Begin PBXNativeTarget section */
		49BD52D025A8A25100569A52 /* p1 */ = {
			isa = PBXNativeTarget;
			buildConfigurationList = 49BD52E525A8A25400569A52 /* Build configuration list for PBXNativeTarget "p1" */;
			buildPhases = (
				49BD52CD25A8A25100569A52 /* Sources */,
				49BD52CE25A8A25100569A52 /* Frameworks */,
				49BD52CF25A8A25100569A52 /* Resources */,
			);
			buildRules = (
			);
			dependencies = (
			);
			name = p1;
			productName = p1;
			productReference = 49BD52D125A8A25100569A52 /* p1.app */;
			productType = "com.apple.product-type.application";
		};
/* End PBXNativeTarget section */

/* Begin PBXProject section */
		49BD52C925A8A25100569A52 /* Project object */ = {
			isa = PBXProject;
			attributes = {
				LastSwiftUpdateCheck = 1230;
				LastUpgradeCheck = 1230;
				TargetAttributes = {
					49BD52D025A8A25100569A52 = {
						CreatedOnToolsVersion = 12.3;
					};
				};
			};
			buildConfigurationList = 49BD52CC25A8A25100569A52 /* Build configuration list for PBXProject "p1" */;
			compatibilityVersion = "Xcode 9.3";
			developmentRegion = en;
			hasScannedForEncodings = 0;
			knownRegions = (
				en,
				Base,
			);
			mainGroup = 49BD52C825A8A25100569A52;
			productRefGroup = 49BD52D225A8A25100569A52 /* Products */;
			projectDirPath = "";
			projectRoot = "";
			targets = (
				49BD52D025A8A25100569A52 /* p1 */,
			);
		};
/* End PBXProject section */

/* Begin PBXResourcesBuildPhase section */
		49BD52CF25A8A25100569A52 /* Resources */ = {
			isa = PBXResourcesBuildPhase;
			buildActionMask = 2147483647;
			files = (
				49BD52DC25A8A25400569A52 /* Preview Assets.xcassets in Resources */,
				49BD52D925A8A25400569A52 /* Assets.xcassets in Resources */,
			);
			runOnlyForDeploymentPostprocessing = 0;
		};
/* End PBXResourcesBuildPhase section */

/* Begin PBXSourcesBuildPhase section */
		49BD52CD25A8A25100569A52 /* Sources */ = {
			isa = PBXSourcesBuildPhase;
			buildActionMask = 2147483647;
			files = (
				49BD52E125A8A25400569A52 /* p1.xcdatamodeld in Sources */,
				49BD52DE25A8A25400569A52 /* Persistence.swift in Sources */,
				49BD52D725A8A25100569A52 /* ContentView.swift in Sources */,
				49BD52D525A8A25100569A52 /* p1App.swift in Sources */,
			);
			runOnlyForDeploymentPostprocessing = 0;
		};
/* End PBXSourcesBuildPhase section */

/* Begin XCBuildConfiguration section */
		49BD52E325A8A25400569A52 /* Debug */ = {
			isa = XCBuildConfiguration;
			buildSettings = {
				ALWAYS_SEARCH_USER_PATHS = NO;
				CLANG_ANALYZER_NONNULL = YES;
				CLANG_ANALYZER_NUMBER_OBJECT_CONVERSION = YES_AGGRESSIVE;
				CLANG_CXX_LANGUAGE_STANDARD = "gnu++14";
				CLANG_CXX_LIBRARY = "libc++";
				CLANG_ENABLE_MODULES = YES;
				CLANG_ENABLE_OBJC_ARC = YES;
				CLANG_ENABLE_OBJC_WEAK = YES;
				CLANG_WARN_BLOCK_CAPTURE_AUTORELEASING = YES;
				CLANG_WARN_BOOL_CONVERSION = YES;
				CLANG_WARN_COMMA = YES;
				CLANG_WARN_CONSTANT_CONVERSION = YES;
				CLANG_WARN_DEPRECATED_OBJC_IMPLEMENTATIONS = YES;
				CLANG_WARN_DIRECT_OBJC_ISA_USAGE = YES_ERROR;
				CLANG_WARN_DOCUMENTATION_COMMENTS = YES;
				CLANG_WARN_EMPTY_BODY = YES;
				CLANG_WARN_ENUM_CONVERSION = YES;
				CLANG_WARN_INFINITE_RECURSION = YES;
				CLANG_WARN_INT_CONVERSION = YES;
				CLANG_WARN_NON_LITERAL_NULL_CONVERSION = YES;
				CLANG_WARN_OBJC_IMPLICIT_RETAIN_SELF = YES;
				CLANG_WARN_OBJC_LITERAL_CONVERSION = YES;
				CLANG_WARN_OBJC_ROOT_CLASS = YES_ERROR;
				CLANG_WARN_QUOTED_INCLUDE_IN_FRAMEWORK_HEADER = YES;
				CLANG_WARN_RANGE_LOOP_ANALYSIS = YES;
				CLANG_WARN_STRICT_PROTOTYPES = YES;
				CLANG_WARN_SUSPICIOUS_MOVE = YES;
				CLANG_WARN_UNGUARDED_AVAILABILITY = YES_AGGRESSIVE;
				CLANG_WARN_UNREACHABLE_CODE = YES;
				CLANG_WARN__DUPLICATE_METHOD_MATCH = YES;
				COPY_PHASE_STRIP = NO;
				DEBUG_INFORMATION_FORMAT = dwarf;
				ENABLE_STRICT_OBJC_MSGSEND = YES;
				ENABLE_TESTABILITY = YES;
				GCC_C_LANGUAGE_STANDARD = gnu11;
				GCC_DYNAMIC_NO_PIC = NO;
				GCC_NO_COMMON_BLOCKS = YES;
				GCC_OPTIMIZATION_LEVEL = 0;
				GCC_PREPROCESSOR_DEFINITIONS = (
					"DEBUG=1",
					"$(inherited)",
				);
				GCC_WARN_64_TO_32_BIT_CONVERSION = YES;
				GCC_WARN_ABOUT_RETURN_TYPE = YES_ERROR;
				GCC_WARN_UNDECLARED_SELECTOR = YES;
				GCC_WARN_UNINITIALIZED_AUTOS = YES_AGGRESSIVE;
				GCC_WARN_UNUSED_FUNCTION = YES;
				GCC_WARN_UNUSED_VARIABLE = YES;
				IPHONEOS_DEPLOYMENT_TARGET = 14.3;
				MTL_ENABLE_DEBUG_INFO = INCLUDE_SOURCE;
				MTL_FAST_MATH = YES;
				ONLY_ACTIVE_ARCH = YES;
				SDKROOT = iphoneos;
				SWIFT_ACTIVE_COMPILATION_CONDITIONS = DEBUG;
				SWIFT_OPTIMIZATION_LEVEL = "-Onone";
			};
			name = Debug;
		};
		49BD52E425A8A25400569A52 /* Release */ = {
			isa = XCBuildConfiguration;
			buildSettings = {
				ALWAYS_SEARCH_USER_PATHS = NO;
				CLANG_ANALYZER_NONNULL = YES;
				CLANG_ANALYZER_NUMBER_OBJECT_CONVERSION = YES_AGGRESSIVE;
				CLANG_CXX_LANGUAGE_STANDARD = "gnu++14";
				CLANG_CXX_LIBRARY = "libc++";
				CLANG_ENABLE_MODULES = YES;
				CLANG_ENABLE_OBJC_ARC = YES;
				CLANG_ENABLE_OBJC_WEAK = YES;
				CLANG_WARN_BLOCK_CAPTURE_AUTORELEASING = YES;
				CLANG_WARN_BOOL_CONVERSION = YES;
				CLANG_WARN_COMMA = YES;
				CLANG_WARN_CONSTANT_CONVERSION = YES;
				CLANG_WARN_DEPRECATED_OBJC_IMPLEMENTATIONS = YES;
				CLANG_WARN_DIRECT_OBJC_ISA_USAGE = YES_ERROR;
				CLANG_WARN_DOCUMENTATION_COMMENTS = YES;
				CLANG_WARN_EMPTY_BODY = YES;
				CLANG_WARN_ENUM_CONVERSION = YES;
				CLANG_WARN_INFINITE_RECURSION = YES;
				CLANG_WARN_INT_CONVERSION = YES;
				CLANG_WARN_NON_LITERAL_NULL_CONVERSION = YES;
				CLANG_WARN_OBJC_IMPLICIT_RETAIN_SELF = YES;
				CLANG_WARN_OBJC_LITERAL_CONVERSION = YES;
				CLANG_WARN_OBJC_ROOT_CLASS = YES_ERROR;
				CLANG_WARN_QUOTED_INCLUDE_IN_FRAMEWORK_HEADER = YES;
				CLANG_WARN_RANGE_LOOP_ANALYSIS = YES;
				CLANG_WARN_STRICT_PROTOTYPES = YES;
				CLANG_WARN_SUSPICIOUS_MOVE = YES;
				CLANG_WARN_UNGUARDED_AVAILABILITY = YES_AGGRESSIVE;
				CLANG_WARN_UNREACHABLE_CODE = YES;
				CLANG_WARN__DUPLICATE_METHOD_MATCH = YES;
				COPY_PHASE_STRIP = NO;
				DEBUG_INFORMATION_FORMAT = "dwarf-with-dsym";
				ENABLE_NS_ASSERTIONS = NO;
				ENABLE_STRICT_OBJC_MSGSEND = YES;
				GCC_C_LANGUAGE_STANDARD = gnu11;
				GCC_NO_COMMON_BLOCKS = YES;
				GCC_WARN_64_TO_32_BIT_CONVERSION = YES;
				GCC_WARN_ABOUT_RETURN_TYPE = YES_ERROR;
				GCC_WARN_UNDECLARED_SELECTOR = YES;
				GCC_WARN_UNINITIALIZED_AUTOS = YES_AGGRESSIVE;
				GCC_WARN_UNUSED_FUNCTION = YES;
				GCC_WARN_UNUSED_VARIABLE = YES;
				IPHONEOS_DEPLOYMENT_TARGET = 14.3;
				MTL_ENABLE_DEBUG_INFO = NO;
				MTL_FAST_MATH = YES;
				SDKROOT = iphoneos;
				SWIFT_COMPILATION_MODE = wholemodule;
				SWIFT_OPTIMIZATION_LEVEL = "-O";
				VALIDATE_PRODUCT = YES;
			};
			name = Release;
		};
		49BD52E625A8A25400569A52 /* Debug */ = {
			isa = XCBuildConfiguration;
			buildSettings = {
				ASSETCATALOG_COMPILER_APPICON_NAME = AppIcon;
				ASSETCATALOG_COMPILER_GLOBAL_ACCENT_COLOR_NAME = AccentColor;
				CODE_SIGN_STYLE = Automatic;
				DEVELOPMENT_ASSET_PATHS = "\"p1/Preview Content\"";
				ENABLE_PREVIEWS = YES;
				INFOPLIST_FILE = p1/Info.plist;
				IPHONEOS_DEPLOYMENT_TARGET = 14.0;
				LD_RUNPATH_SEARCH_PATHS = (
					"$(inherited)",
					"@executable_path/Frameworks",
				);
				PRODUCT_BUNDLE_IDENTIFIER = q1.p1;
				PRODUCT_NAME = "$(TARGET_NAME)";
				SWIFT_VERSION = 5.0;
				TARGETED_DEVICE_FAMILY = "1,2";
			};
			name = Debug;
		};
		49BD52E725A8A25400569A52 /* Release */ = {
			isa = XCBuildConfiguration;
			buildSettings = {
				ASSETCATALOG_COMPILER_APPICON_NAME = AppIcon;
				ASSETCATALOG_COMPILER_GLOBAL_ACCENT_COLOR_NAME = AccentColor;
				CODE_SIGN_STYLE = Automatic;
				DEVELOPMENT_ASSET_PATHS = "\"p1/Preview Content\"";
				ENABLE_PREVIEWS = YES;
				INFOPLIST_FILE = p1/Info.plist;
				IPHONEOS_DEPLOYMENT_TARGET = 14.0;
				LD_RUNPATH_SEARCH_PATHS = (
					"$(inherited)",
					"@executable_path/Frameworks",
				);
				PRODUCT_BUNDLE_IDENTIFIER = q1.p1;
				PRODUCT_NAME = "$(TARGET_NAME)";
				SWIFT_VERSION = 5.0;
				TARGETED_DEVICE_FAMILY = "1,2";
			};
			name = Release;
		};
/* End XCBuildConfiguration section */

/* Begin XCConfigurationList section */
		49BD52CC25A8A25100569A52 /* Build configuration list for PBXProject "p1" */ = {
			isa = XCConfigurationList;
			buildConfigurations = (
				49BD52E325A8A25400569A52 /* Debug */,
				49BD52E425A8A25400569A52 /* Release */,
			);
			defaultConfigurationIsVisible = 0;
			defaultConfigurationName = Release;
		};
		49BD52E525A8A25400569A52 /* Build configuration list for PBXNativeTarget "p1" */ = {
			isa = XCConfigurationList;
			buildConfigurations = (
				49BD52E625A8A25400569A52 /* Debug */,
				49BD52E725A8A25400569A52 /* Release */,
			);
			defaultConfigurationIsVisible = 0;
			defaultConfigurationName = Release;
		};
/* End XCConfigurationList section */

/* Begin XCVersionGroup section */
		49BD52DF25A8A25400569A52 /* p1.xcdatamodeld */ = {
			isa = XCVersionGroup;
			children = (
				49BD52E025A8A25400569A52 /* p1.xcdatamodel */,
			);
			currentVersion = 49BD52E025A8A25400569A52 /* p1.xcdatamodel */;
			path = p1.xcdatamodeld;
			sourceTree = "<group>";
			versionGroupType = wrapper.xcdatamodel;
		};
/* End XCVersionGroup section */
	};
	rootObject = 49BD52C925A8A25100569A52 /* Project object */;
}
